{
    "_meta": {
        "hash": {
            "sha256": "ef472c1a59bdfbb2fd76dafeb6b6f3abc1c89dee5c5f7f0177c4e3e0d3ee3d6b"
        },
        "pipfile-spec": 6,
        "requires": {
            "python_version": "3.10"
        },
        "sources": [
            {
                "name": "pypi",
                "url": "https://pypi.org/simple",
                "verify_ssl": true
            }
        ]
    },
    "default": {},
    "develop": {}
}
